// !$*UTF8*$!
{
	archiveVersion = 1;
	classes = {
	};
	objectVersion = 50;
	objects = {

/* Begin PBXBuildFile section */
		C90EC19929E4145B00006B47 /* AppDelegate.swift in Sources */ = {isa = PBXBuildFile; fileRef = C90EC19829E4145B00006B47 /* AppDelegate.swift */; };
		C90EC19B29E4145B00006B47 /* SceneDelegate.swift in Sources */ = {isa = PBXBuildFile; fileRef = C90EC19A29E4145B00006B47 /* SceneDelegate.swift */; };
		C90EC19D29E4145B00006B47 /* MainViewController.swift in Sources */ = {isa = PBXBuildFile; fileRef = C90EC19C29E4145B00006B47 /* MainViewController.swift */; };
		C90EC1A029E4145B00006B47 /* Main.storyboard in Resources */ = {isa = PBXBuildFile; fileRef = C90EC19E29E4145B00006B47 /* Main.storyboard */; };
		C90EC1A229E4146200006B47 /* Assets.xcassets in Resources */ = {isa = PBXBuildFile; fileRef = C90EC1A129E4146200006B47 /* Assets.xcassets */; };
		C90EC1A529E4146200006B47 /* LaunchScreen.storyboard in Resources */ = {isa = PBXBuildFile; fileRef = C90EC1A329E4146200006B47 /* LaunchScreen.storyboard */; };
		C90EC1B029E4146300006B47 /* PizzaAppTests.swift in Sources */ = {isa = PBXBuildFile; fileRef = C90EC1AF29E4146300006B47 /* PizzaAppTests.swift */; };
		C90EC1BB29E4146300006B47 /* PizzaAppUITests.swift in Sources */ = {isa = PBXBuildFile; fileRef = C90EC1BA29E4146300006B47 /* PizzaAppUITests.swift */; };
		C90EC1CD29E422BB00006B47 /* PizzaCell.xib in Resources */ = {isa = PBXBuildFile; fileRef = C90EC1CC29E422BB00006B47 /* PizzaCell.xib */; };
		C90EC1D029E4235B00006B47 /* PizzaCell.swift in Sources */ = {isa = PBXBuildFile; fileRef = C90EC1CF29E4235B00006B47 /* PizzaCell.swift */; };
		C90EC1D429E42CBE00006B47 /* DrawerProtocol.swift in Sources */ = {isa = PBXBuildFile; fileRef = C90EC1D329E42CBE00006B47 /* DrawerProtocol.swift */; };
/* End PBXBuildFile section */

/* Begin PBXContainerItemProxy section */
		C90EC1AC29E4146300006B47 /* PBXContainerItemProxy */ = {
			isa = PBXContainerItemProxy;
			containerPortal = C90EC18D29E4145B00006B47 /* Project object */;
			proxyType = 1;
			remoteGlobalIDString = C90EC19429E4145B00006B47;
			remoteInfo = PizzaApp;
		};
		C90EC1B729E4146300006B47 /* PBXContainerItemProxy */ = {
			isa = PBXContainerItemProxy;
			containerPortal = C90EC18D29E4145B00006B47 /* Project object */;
			proxyType = 1;
			remoteGlobalIDString = C90EC19429E4145B00006B47;
			remoteInfo = PizzaApp;
		};
/* End PBXContainerItemProxy section */

/* Begin PBXFileReference section */
		C90EC19529E4145B00006B47 /* PizzaApp.app */ = {isa = PBXFileReference; explicitFileType = wrapper.application; includeInIndex = 0; path = PizzaApp.app; sourceTree = BUILT_PRODUCTS_DIR; };
		C90EC19829E4145B00006B47 /* AppDelegate.swift */ = {isa = PBXFileReference; lastKnownFileType = sourcecode.swift; path = AppDelegate.swift; sourceTree = "<group>"; };
		C90EC19A29E4145B00006B47 /* SceneDelegate.swift */ = {isa = PBXFileReference; lastKnownFileType = sourcecode.swift; path = SceneDelegate.swift; sourceTree = "<group>"; };
		C90EC19C29E4145B00006B47 /* MainViewController.swift */ = {isa = PBXFileReference; lastKnownFileType = sourcecode.swift; path = MainViewController.swift; sourceTree = "<group>"; };
		C90EC19F29E4145B00006B47 /* Base */ = {isa = PBXFileReference; lastKnownFileType = file.storyboard; name = Base; path = Base.lproj/Main.storyboard; sourceTree = "<group>"; };
		C90EC1A129E4146200006B47 /* Assets.xcassets */ = {isa = PBXFileReference; lastKnownFileType = folder.assetcatalog; path = Assets.xcassets; sourceTree = "<group>"; };
		C90EC1A429E4146200006B47 /* Base */ = {isa = PBXFileReference; lastKnownFileType = file.storyboard; name = Base; path = Base.lproj/LaunchScreen.storyboard; sourceTree = "<group>"; };
		C90EC1A629E4146200006B47 /* Info.plist */ = {isa = PBXFileReference; lastKnownFileType = text.plist.xml; path = Info.plist; sourceTree = "<group>"; };
		C90EC1AB29E4146300006B47 /* PizzaAppTests.xctest */ = {isa = PBXFileReference; explicitFileType = wrapper.cfbundle; includeInIndex = 0; path = PizzaAppTests.xctest; sourceTree = BUILT_PRODUCTS_DIR; };
		C90EC1AF29E4146300006B47 /* PizzaAppTests.swift */ = {isa = PBXFileReference; lastKnownFileType = sourcecode.swift; path = PizzaAppTests.swift; sourceTree = "<group>"; };
		C90EC1B129E4146300006B47 /* Info.plist */ = {isa = PBXFileReference; lastKnownFileType = text.plist.xml; path = Info.plist; sourceTree = "<group>"; };
		C90EC1B629E4146300006B47 /* PizzaAppUITests.xctest */ = {isa = PBXFileReference; explicitFileType = wrapper.cfbundle; includeInIndex = 0; path = PizzaAppUITests.xctest; sourceTree = BUILT_PRODUCTS_DIR; };
		C90EC1BA29E4146300006B47 /* PizzaAppUITests.swift */ = {isa = PBXFileReference; lastKnownFileType = sourcecode.swift; path = PizzaAppUITests.swift; sourceTree = "<group>"; };
		C90EC1BC29E4146300006B47 /* Info.plist */ = {isa = PBXFileReference; lastKnownFileType = text.plist.xml; path = Info.plist; sourceTree = "<group>"; };
		C90EC1CC29E422BB00006B47 /* PizzaCell.xib */ = {isa = PBXFileReference; lastKnownFileType = file.xib; path = PizzaCell.xib; sourceTree = "<group>"; };
		C90EC1CF29E4235B00006B47 /* PizzaCell.swift */ = {isa = PBXFileReference; lastKnownFileType = sourcecode.swift; path = PizzaCell.swift; sourceTree = "<group>"; };
		C90EC1D329E42CBE00006B47 /* DrawerProtocol.swift */ = {isa = PBXFileReference; lastKnownFileType = sourcecode.swift; path = DrawerProtocol.swift; sourceTree = "<group>"; };
/* End PBXFileReference section */

/* Begin PBXFrameworksBuildPhase section */
		C90EC19229E4145B00006B47 /* Frameworks */ = {
			isa = PBXFrameworksBuildPhase;
			buildActionMask = 2147483647;
			files = (
			);
			runOnlyForDeploymentPostprocessing = 0;
		};
		C90EC1A829E4146300006B47 /* Frameworks */ = {
			isa = PBXFrameworksBuildPhase;
			buildActionMask = 2147483647;
			files = (
			);
			runOnlyForDeploymentPostprocessing = 0;
		};
		C90EC1B329E4146300006B47 /* Frameworks */ = {
			isa = PBXFrameworksBuildPhase;
			buildActionMask = 2147483647;
			files = (
			);
			runOnlyForDeploymentPostprocessing = 0;
		};
/* End PBXFrameworksBuildPhase section */

/* Begin PBXGroup section */
		C90EC18C29E4145B00006B47 = {
			isa = PBXGroup;
			children = (
				C90EC19729E4145B00006B47 /* PizzaApp */,
				C90EC1AE29E4146300006B47 /* PizzaAppTests */,
				C90EC1B929E4146300006B47 /* PizzaAppUITests */,
				C90EC19629E4145B00006B47 /* Products */,
			);
			sourceTree = "<group>";
		};
		C90EC19629E4145B00006B47 /* Products */ = {
			isa = PBXGroup;
			children = (
				C90EC19529E4145B00006B47 /* PizzaApp.app */,
				C90EC1AB29E4146300006B47 /* PizzaAppTests.xctest */,
				C90EC1B629E4146300006B47 /* PizzaAppUITests.xctest */,
			);
			name = Products;
			sourceTree = "<group>";
		};
		C90EC19729E4145B00006B47 /* PizzaApp */ = {
			isa = PBXGroup;
			children = (
				C90EC1D129E42C9200006B47 /* Utils */,
				C90EC1CB29E41BD500006B47 /* Model */,
				C90EC1CA29E41BD100006B47 /* View */,
				C90EC1C829E41BBC00006B47 /* Presenter */,
				C90EC19829E4145B00006B47 /* AppDelegate.swift */,
				C90EC19A29E4145B00006B47 /* SceneDelegate.swift */,
				C90EC1A129E4146200006B47 /* Assets.xcassets */,
				C90EC19E29E4145B00006B47 /* Main.storyboard */,
				C90EC1A329E4146200006B47 /* LaunchScreen.storyboard */,
				C90EC1A629E4146200006B47 /* Info.plist */,
			);
			path = PizzaApp;
			sourceTree = "<group>";
		};
		C90EC1AE29E4146300006B47 /* PizzaAppTests */ = {
			isa = PBXGroup;
			children = (
				C90EC1AF29E4146300006B47 /* PizzaAppTests.swift */,
				C90EC1B129E4146300006B47 /* Info.plist */,
			);
			path = PizzaAppTests;
			sourceTree = "<group>";
		};
		C90EC1B929E4146300006B47 /* PizzaAppUITests */ = {
			isa = PBXGroup;
			children = (
				C90EC1BA29E4146300006B47 /* PizzaAppUITests.swift */,
				C90EC1BC29E4146300006B47 /* Info.plist */,
			);
			path = PizzaAppUITests;
			sourceTree = "<group>";
		};
		C90EC1C829E41BBC00006B47 /* Presenter */ = {
			isa = PBXGroup;
			children = (
			);
			path = Presenter;
			sourceTree = "<group>";
		};
		C90EC1CA29E41BD100006B47 /* View */ = {
			isa = PBXGroup;
			children = (
				C90EC19C29E4145B00006B47 /* MainViewController.swift */,
				C90EC1CE29E4234400006B47 /* Cell */,
			);
			path = View;
			sourceTree = "<group>";
		};
		C90EC1CB29E41BD500006B47 /* Model */ = {
			isa = PBXGroup;
			children = (
			);
			path = Model;
			sourceTree = "<group>";
		};
		C90EC1CE29E4234400006B47 /* Cell */ = {
			isa = PBXGroup;
			children = (
				C90EC1CC29E422BB00006B47 /* PizzaCell.xib */,
				C90EC1CF29E4235B00006B47 /* PizzaCell.swift */,
			);
			path = Cell;
			sourceTree = "<group>";
		};
		C90EC1D129E42C9200006B47 /* Utils */ = {
			isa = PBXGroup;
			children = (
				C90EC1D229E42C9E00006B47 /* Protocols */,
			);
			path = Utils;
			sourceTree = "<group>";
		};
		C90EC1D229E42C9E00006B47 /* Protocols */ = {
			isa = PBXGroup;
			children = (
				C90EC1D329E42CBE00006B47 /* DrawerProtocol.swift */,
			);
			path = Protocols;
			sourceTree = "<group>";
		};
/* End PBXGroup section */

/* Begin PBXNativeTarget section */
		C90EC19429E4145B00006B47 /* PizzaApp */ = {
			isa = PBXNativeTarget;
			buildConfigurationList = C90EC1BF29E4146300006B47 /* Build configuration list for PBXNativeTarget "PizzaApp" */;
			buildPhases = (
				C90EC19129E4145B00006B47 /* Sources */,
				C90EC19229E4145B00006B47 /* Frameworks */,
				C90EC19329E4145B00006B47 /* Resources */,
			);
			buildRules = (
			);
			dependencies = (
			);
			name = PizzaApp;
			productName = PizzaApp;
			productReference = C90EC19529E4145B00006B47 /* PizzaApp.app */;
			productType = "com.apple.product-type.application";
		};
		C90EC1AA29E4146300006B47 /* PizzaAppTests */ = {
			isa = PBXNativeTarget;
			buildConfigurationList = C90EC1C229E4146300006B47 /* Build configuration list for PBXNativeTarget "PizzaAppTests" */;
			buildPhases = (
				C90EC1A729E4146300006B47 /* Sources */,
				C90EC1A829E4146300006B47 /* Frameworks */,
				C90EC1A929E4146300006B47 /* Resources */,
			);
			buildRules = (
			);
			dependencies = (
				C90EC1AD29E4146300006B47 /* PBXTargetDependency */,
			);
			name = PizzaAppTests;
			productName = PizzaAppTests;
			productReference = C90EC1AB29E4146300006B47 /* PizzaAppTests.xctest */;
			productType = "com.apple.product-type.bundle.unit-test";
		};
		C90EC1B529E4146300006B47 /* PizzaAppUITests */ = {
			isa = PBXNativeTarget;
			buildConfigurationList = C90EC1C529E4146300006B47 /* Build configuration list for PBXNativeTarget "PizzaAppUITests" */;
			buildPhases = (
				C90EC1B229E4146300006B47 /* Sources */,
				C90EC1B329E4146300006B47 /* Frameworks */,
				C90EC1B429E4146300006B47 /* Resources */,
			);
			buildRules = (
			);
			dependencies = (
				C90EC1B829E4146300006B47 /* PBXTargetDependency */,
			);
			name = PizzaAppUITests;
			productName = PizzaAppUITests;
			productReference = C90EC1B629E4146300006B47 /* PizzaAppUITests.xctest */;
			productType = "com.apple.product-type.bundle.ui-testing";
		};
/* End PBXNativeTarget section */

/* Begin PBXProject section */
		C90EC18D29E4145B00006B47 /* Project object */ = {
			isa = PBXProject;
			attributes = {
				LastSwiftUpdateCheck = 1130;
				LastUpgradeCheck = 1130;
				ORGANIZATIONNAME = "Noor Cabrera Bel";
				TargetAttributes = {
					C90EC19429E4145B00006B47 = {
						CreatedOnToolsVersion = 11.3.1;
					};
					C90EC1AA29E4146300006B47 = {
						CreatedOnToolsVersion = 11.3.1;
						TestTargetID = C90EC19429E4145B00006B47;
					};
					C90EC1B529E4146300006B47 = {
						CreatedOnToolsVersion = 11.3.1;
						TestTargetID = C90EC19429E4145B00006B47;
					};
				};
			};
			buildConfigurationList = C90EC19029E4145B00006B47 /* Build configuration list for PBXProject "PizzaApp" */;
			compatibilityVersion = "Xcode 9.3";
			developmentRegion = en;
			hasScannedForEncodings = 0;
			knownRegions = (
				en,
				Base,
			);
			mainGroup = C90EC18C29E4145B00006B47;
			productRefGroup = C90EC19629E4145B00006B47 /* Products */;
			projectDirPath = "";
			projectRoot = "";
			targets = (
				C90EC19429E4145B00006B47 /* PizzaApp */,
				C90EC1AA29E4146300006B47 /* PizzaAppTests */,
				C90EC1B529E4146300006B47 /* PizzaAppUITests */,
			);
		};
/* End PBXProject section */

/* Begin PBXResourcesBuildPhase section */
		C90EC19329E4145B00006B47 /* Resources */ = {
			isa = PBXResourcesBuildPhase;
			buildActionMask = 2147483647;
			files = (
				C90EC1CD29E422BB00006B47 /* PizzaCell.xib in Resources */,
				C90EC1A529E4146200006B47 /* LaunchScreen.storyboard in Resources */,
				C90EC1A229E4146200006B47 /* Assets.xcassets in Resources */,
				C90EC1A029E4145B00006B47 /* Main.storyboard in Resources */,
			);
			runOnlyForDeploymentPostprocessing = 0;
		};
		C90EC1A929E4146300006B47 /* Resources */ = {
			isa = PBXResourcesBuildPhase;
			buildActionMask = 2147483647;
			files = (
			);
			runOnlyForDeploymentPostprocessing = 0;
		};
		C90EC1B429E4146300006B47 /* Resources */ = {
			isa = PBXResourcesBuildPhase;
			buildActionMask = 2147483647;
			files = (
			);
			runOnlyForDeploymentPostprocessing = 0;
		};
/* End PBXResourcesBuildPhase section */

/* Begin PBXSourcesBuildPhase section */
		C90EC19129E4145B00006B47 /* Sources */ = {
			isa = PBXSourcesBuildPhase;
			buildActionMask = 2147483647;
			files = (
				C90EC1D029E4235B00006B47 /* PizzaCell.swift in Sources */,
				C90EC19D29E4145B00006B47 /* MainViewController.swift in Sources */,
				C90EC19929E4145B00006B47 /* AppDelegate.swift in Sources */,
				C90EC19B29E4145B00006B47 /* SceneDelegate.swift in Sources */,
				C90EC1D429E42CBE00006B47 /* DrawerProtocol.swift in Sources */,
			);
			runOnlyForDeploymentPostprocessing = 0;
		};
		C90EC1A729E4146300006B47 /* Sources */ = {
			isa = PBXSourcesBuildPhase;
			buildActionMask = 2147483647;
			files = (
				C90EC1B029E4146300006B47 /* PizzaAppTests.swift in Sources */,
			);
			runOnlyForDeploymentPostprocessing = 0;
		};
		C90EC1B229E4146300006B47 /* Sources */ = {
			isa = PBXSourcesBuildPhase;
			buildActionMask = 2147483647;
			files = (
				C90EC1BB29E4146300006B47 /* PizzaAppUITests.swift in Sources */,
			);
			runOnlyForDeploymentPostprocessing = 0;
		};
/* End PBXSourcesBuildPhase section */

/* Begin PBXTargetDependency section */
		C90EC1AD29E4146300006B47 /* PBXTargetDependency */ = {
			isa = PBXTargetDependency;
			target = C90EC19429E4145B00006B47 /* PizzaApp */;
			targetProxy = C90EC1AC29E4146300006B47 /* PBXContainerItemProxy */;
		};
		C90EC1B829E4146300006B47 /* PBXTargetDependency */ = {
			isa = PBXTargetDependency;
			target = C90EC19429E4145B00006B47 /* PizzaApp */;
			targetProxy = C90EC1B729E4146300006B47 /* PBXContainerItemProxy */;
		};
/* End PBXTargetDependency section */

/* Begin PBXVariantGroup section */
		C90EC19E29E4145B00006B47 /* Main.storyboard */ = {
			isa = PBXVariantGroup;
			children = (
				C90EC19F29E4145B00006B47 /* Base */,
			);
			name = Main.storyboard;
			sourceTree = "<group>";
		};
		C90EC1A329E4146200006B47 /* LaunchScreen.storyboard */ = {
			isa = PBXVariantGroup;
			children = (
				C90EC1A429E4146200006B47 /* Base */,
			);
			name = LaunchScreen.storyboard;
			sourceTree = "<group>";
		};
/* End PBXVariantGroup section */

/* Begin XCBuildConfiguration section */
		C90EC1BD29E4146300006B47 /* Debug */ = {
			isa = XCBuildConfiguration;
			buildSettings = {
				ALWAYS_SEARCH_USER_PATHS = NO;
				CLANG_ANALYZER_NONNULL = YES;
				CLANG_ANALYZER_NUMBER_OBJECT_CONVERSION = YES_AGGRESSIVE;
				CLANG_CXX_LANGUAGE_STANDARD = "gnu++14";
				CLANG_CXX_LIBRARY = "libc++";
				CLANG_ENABLE_MODULES = YES;
				CLANG_ENABLE_OBJC_ARC = YES;
				CLANG_ENABLE_OBJC_WEAK = YES;
				CLANG_WARN_BLOCK_CAPTURE_AUTORELEASING = YES;
				CLANG_WARN_BOOL_CONVERSION = YES;
				CLANG_WARN_COMMA = YES;
				CLANG_WARN_CONSTANT_CONVERSION = YES;
				CLANG_WARN_DEPRECATED_OBJC_IMPLEMENTATIONS = YES;
				CLANG_WARN_DIRECT_OBJC_ISA_USAGE = YES_ERROR;
				CLANG_WARN_DOCUMENTATION_COMMENTS = YES;
				CLANG_WARN_EMPTY_BODY = YES;
				CLANG_WARN_ENUM_CONVERSION = YES;
				CLANG_WARN_INFINITE_RECURSION = YES;
				CLANG_WARN_INT_CONVERSION = YES;
				CLANG_WARN_NON_LITERAL_NULL_CONVERSION = YES;
				CLANG_WARN_OBJC_IMPLICIT_RETAIN_SELF = YES;
				CLANG_WARN_OBJC_LITERAL_CONVERSION = YES;
				CLANG_WARN_OBJC_ROOT_CLASS = YES_ERROR;
				CLANG_WARN_RANGE_LOOP_ANALYSIS = YES;
				CLANG_WARN_STRICT_PROTOTYPES = YES;
				CLANG_WARN_SUSPICIOUS_MOVE = YES;
				CLANG_WARN_UNGUARDED_AVAILABILITY = YES_AGGRESSIVE;
				CLANG_WARN_UNREACHABLE_CODE = YES;
				CLANG_WARN__DUPLICATE_METHOD_MATCH = YES;
				COPY_PHASE_STRIP = NO;
				DEBUG_INFORMATION_FORMAT = dwarf;
				ENABLE_STRICT_OBJC_MSGSEND = YES;
				ENABLE_TESTABILITY = YES;
				GCC_C_LANGUAGE_STANDARD = gnu11;
				GCC_DYNAMIC_NO_PIC = NO;
				GCC_NO_COMMON_BLOCKS = YES;
				GCC_OPTIMIZATION_LEVEL = 0;
				GCC_PREPROCESSOR_DEFINITIONS = (
					"DEBUG=1",
					"$(inherited)",
				);
				GCC_WARN_64_TO_32_BIT_CONVERSION = YES;
				GCC_WARN_ABOUT_RETURN_TYPE = YES_ERROR;
				GCC_WARN_UNDECLARED_SELECTOR = YES;
				GCC_WARN_UNINITIALIZED_AUTOS = YES_AGGRESSIVE;
				GCC_WARN_UNUSED_FUNCTION = YES;
				GCC_WARN_UNUSED_VARIABLE = YES;
				IPHONEOS_DEPLOYMENT_TARGET = 13.2;
				MTL_ENABLE_DEBUG_INFO = INCLUDE_SOURCE;
				MTL_FAST_MATH = YES;
				ONLY_ACTIVE_ARCH = YES;
				SDKROOT = iphoneos;
				SWIFT_ACTIVE_COMPILATION_CONDITIONS = DEBUG;
				SWIFT_OPTIMIZATION_LEVEL = "-Onone";
			};
			name = Debug;
		};
		C90EC1BE29E4146300006B47 /* Release */ = {
			isa = XCBuildConfiguration;
			buildSettings = {
				ALWAYS_SEARCH_USER_PATHS = NO;
				CLANG_ANALYZER_NONNULL = YES;
				CLANG_ANALYZER_NUMBER_OBJECT_CONVERSION = YES_AGGRESSIVE;
				CLANG_CXX_LANGUAGE_STANDARD = "gnu++14";
				CLANG_CXX_LIBRARY = "libc++";
				CLANG_ENABLE_MODULES = YES;
				CLANG_ENABLE_OBJC_ARC = YES;
				CLANG_ENABLE_OBJC_WEAK = YES;
				CLANG_WARN_BLOCK_CAPTURE_AUTORELEASING = YES;
				CLANG_WARN_BOOL_CONVERSION = YES;
				CLANG_WARN_COMMA = YES;
				CLANG_WARN_CONSTANT_CONVERSION = YES;
				CLANG_WARN_DEPRECATED_OBJC_IMPLEMENTATIONS = YES;
				CLANG_WARN_DIRECT_OBJC_ISA_USAGE = YES_ERROR;
				CLANG_WARN_DOCUMENTATION_COMMENTS = YES;
				CLANG_WARN_EMPTY_BODY = YES;
				CLANG_WARN_ENUM_CONVERSION = YES;
				CLANG_WARN_INFINITE_RECURSION = YES;
				CLANG_WARN_INT_CONVERSION = YES;
				CLANG_WARN_NON_LITERAL_NULL_CONVERSION = YES;
				CLANG_WARN_OBJC_IMPLICIT_RETAIN_SELF = YES;
				CLANG_WARN_OBJC_LITERAL_CONVERSION = YES;
				CLANG_WARN_OBJC_ROOT_CLASS = YES_ERROR;
				CLANG_WARN_RANGE_LOOP_ANALYSIS = YES;
				CLANG_WARN_STRICT_PROTOTYPES = YES;
				CLANG_WARN_SUSPICIOUS_MOVE = YES;
				CLANG_WARN_UNGUARDED_AVAILABILITY = YES_AGGRESSIVE;
				CLANG_WARN_UNREACHABLE_CODE = YES;
				CLANG_WARN__DUPLICATE_METHOD_MATCH = YES;
				COPY_PHASE_STRIP = NO;
				DEBUG_INFORMATION_FORMAT = "dwarf-with-dsym";
				ENABLE_NS_ASSERTIONS = NO;
				ENABLE_STRICT_OBJC_MSGSEND = YES;
				GCC_C_LANGUAGE_STANDARD = gnu11;
				GCC_NO_COMMON_BLOCKS = YES;
				GCC_WARN_64_TO_32_BIT_CONVERSION = YES;
				GCC_WARN_ABOUT_RETURN_TYPE = YES_ERROR;
				GCC_WARN_UNDECLARED_SELECTOR = YES;
				GCC_WARN_UNINITIALIZED_AUTOS = YES_AGGRESSIVE;
				GCC_WARN_UNUSED_FUNCTION = YES;
				GCC_WARN_UNUSED_VARIABLE = YES;
				IPHONEOS_DEPLOYMENT_TARGET = 13.2;
				MTL_ENABLE_DEBUG_INFO = NO;
				MTL_FAST_MATH = YES;
				SDKROOT = iphoneos;
				SWIFT_COMPILATION_MODE = wholemodule;
				SWIFT_OPTIMIZATION_LEVEL = "-O";
				VALIDATE_PRODUCT = YES;
			};
			name = Release;
		};
		C90EC1C029E4146300006B47 /* Debug */ = {
			isa = XCBuildConfiguration;
			buildSettings = {
				ASSETCATALOG_COMPILER_APPICON_NAME = AppIcon;
				CODE_SIGN_STYLE = Automatic;
				INFOPLIST_FILE = PizzaApp/Info.plist;
				LD_RUNPATH_SEARCH_PATHS = (
					"$(inherited)",
					"@executable_path/Frameworks",
				);
				PRODUCT_BUNDLE_IDENTIFIER = com.smk.PizzaApp;
				PRODUCT_NAME = "$(TARGET_NAME)";
				SWIFT_VERSION = 5.0;
				TARGETED_DEVICE_FAMILY = "1,2";
			};
			name = Debug;
		};
		C90EC1C129E4146300006B47 /* Release */ = {
			isa = XCBuildConfiguration;
			buildSettings = {
				ASSETCATALOG_COMPILER_APPICON_NAME = AppIcon;
				CODE_SIGN_STYLE = Automatic;
				INFOPLIST_FILE = PizzaApp/Info.plist;
				LD_RUNPATH_SEARCH_PATHS = (
					"$(inherited)",
					"@executable_path/Frameworks",
				);
				PRODUCT_BUNDLE_IDENTIFIER = com.smk.PizzaApp;
				PRODUCT_NAME = "$(TARGET_NAME)";
				SWIFT_VERSION = 5.0;
				TARGETED_DEVICE_FAMILY = "1,2";
			};
			name = Release;
		};
		C90EC1C329E4146300006B47 /* Debug */ = {
			isa = XCBuildConfiguration;
			buildSettings = {
				ALWAYS_EMBED_SWIFT_STANDARD_LIBRARIES = YES;
				BUNDLE_LOADER = "$(TEST_HOST)";
				CODE_SIGN_STYLE = Automatic;
				INFOPLIST_FILE = PizzaAppTests/Info.plist;
				IPHONEOS_DEPLOYMENT_TARGET = 13.2;
				LD_RUNPATH_SEARCH_PATHS = (
					"$(inherited)",
					"@executable_path/Frameworks",
					"@loader_path/Frameworks",
				);
				PRODUCT_BUNDLE_IDENTIFIER = com.smk.PizzaAppTests;
				PRODUCT_NAME = "$(TARGET_NAME)";
				SWIFT_VERSION = 5.0;
				TARGETED_DEVICE_FAMILY = "1,2";
				TEST_HOST = "$(BUILT_PRODUCTS_DIR)/PizzaApp.app/PizzaApp";
			};
			name = Debug;
		};
		C90EC1C429E4146300006B47 /* Release */ = {
			isa = XCBuildConfiguration;
			buildSettings = {
				ALWAYS_EMBED_SWIFT_STANDARD_LIBRARIES = YES;
				BUNDLE_LOADER = "$(TEST_HOST)";
				CODE_SIGN_STYLE = Automatic;
				INFOPLIST_FILE = PizzaAppTests/Info.plist;
				IPHONEOS_DEPLOYMENT_TARGET = 13.2;
				LD_RUNPATH_SEARCH_PATHS = (
					"$(inherited)",
					"@executable_path/Frameworks",
					"@loader_path/Frameworks",
				);
				PRODUCT_BUNDLE_IDENTIFIER = com.smk.PizzaAppTests;
				PRODUCT_NAME = "$(TARGET_NAME)";
				SWIFT_VERSION = 5.0;
				TARGETED_DEVICE_FAMILY = "1,2";
				TEST_HOST = "$(BUILT_PRODUCTS_DIR)/PizzaApp.app/PizzaApp";
			};
			name = Release;
		};
		C90EC1C629E4146300006B47 /* Debug */ = {
			isa = XCBuildConfiguration;
			buildSettings = {
				ALWAYS_EMBED_SWIFT_STANDARD_LIBRARIES = YES;
				CODE_SIGN_STYLE = Automatic;
				INFOPLIST_FILE = PizzaAppUITests/Info.plist;
				LD_RUNPATH_SEARCH_PATHS = (
					"$(inherited)",
					"@executable_path/Frameworks",
					"@loader_path/Frameworks",
				);
				PRODUCT_BUNDLE_IDENTIFIER = com.smk.PizzaAppUITests;
				PRODUCT_NAME = "$(TARGET_NAME)";
				SWIFT_VERSION = 5.0;
				TARGETED_DEVICE_FAMILY = "1,2";
				TEST_TARGET_NAME = PizzaApp;
			};
			name = Debug;
		};
		C90EC1C729E4146300006B47 /* Release */ = {
			isa = XCBuildConfiguration;
			buildSettings = {
				ALWAYS_EMBED_SWIFT_STANDARD_LIBRARIES = YES;
				CODE_SIGN_STYLE = Automatic;
				INFOPLIST_FILE = PizzaAppUITests/Info.plist;
				LD_RUNPATH_SEARCH_PATHS = (
					"$(inherited)",
					"@executable_path/Frameworks",
					"@loader_path/Frameworks",
				);
				PRODUCT_BUNDLE_IDENTIFIER = com.smk.PizzaAppUITests;
				PRODUCT_NAME = "$(TARGET_NAME)";
				SWIFT_VERSION = 5.0;
				TARGETED_DEVICE_FAMILY = "1,2";
				TEST_TARGET_NAME = PizzaApp;
			};
			name = Release;
		};
/* End XCBuildConfiguration section */

/* Begin XCConfigurationList section */
		C90EC19029E4145B00006B47 /* Build configuration list for PBXProject "PizzaApp" */ = {
			isa = XCConfigurationList;
			buildConfigurations = (
				C90EC1BD29E4146300006B47 /* Debug */,
				C90EC1BE29E4146300006B47 /* Release */,
			);
			defaultConfigurationIsVisible = 0;
			defaultConfigurationName = Release;
		};
		C90EC1BF29E4146300006B47 /* Build configuration list for PBXNativeTarget "PizzaApp" */ = {
			isa = XCConfigurationList;
			buildConfigurations = (
				C90EC1C029E4146300006B47 /* Debug */,
				C90EC1C129E4146300006B47 /* Release */,
			);
			defaultConfigurationIsVisible = 0;
			defaultConfigurationName = Release;
		};
		C90EC1C229E4146300006B47 /* Build configuration list for PBXNativeTarget "PizzaAppTests" */ = {
			isa = XCConfigurationList;
			buildConfigurations = (
				C90EC1C329E4146300006B47 /* Debug */,
				C90EC1C429E4146300006B47 /* Release */,
			);
			defaultConfigurationIsVisible = 0;
			defaultConfigurationName = Release;
		};
		C90EC1C529E4146300006B47 /* Build configuration list for PBXNativeTarget "PizzaAppUITests" */ = {
			isa = XCConfigurationList;
			buildConfigurations = (
				C90EC1C629E4146300006B47 /* Debug */,
				C90EC1C729E4146300006B47 /* Release */,
			);
			defaultConfigurationIsVisible = 0;
			defaultConfigurationName = Release;
		};
/* End XCConfigurationList section */
	};
	rootObject = C90EC18D29E4145B00006B47 /* Project object */;
}
